// !$*UTF8*$!
{
	archiveVersion = 1;
	classes = {
	};
	objectVersion = 55;
	objects = {

/* Begin PBXBuildFile section */
		483204DF280C7589002A143E /* DataController.swift in Sources */ = {isa = PBXBuildFile; fileRef = 483204DE280C7589002A143E /* DataController.swift */; };
		4862276C2882AC44009B0D4A /* ScoreViewCell.swift in Sources */ = {isa = PBXBuildFile; fileRef = 4862276B2882AC44009B0D4A /* ScoreViewCell.swift */; };
		4862276E2882C9E4009B0D4A /* ScoreViewController.swift in Sources */ = {isa = PBXBuildFile; fileRef = 4862276D2882C9E4009B0D4A /* ScoreViewController.swift */; };
		4862277028831071009B0D4A /* FavoriteViewCell.swift in Sources */ = {isa = PBXBuildFile; fileRef = 4862276F28831071009B0D4A /* FavoriteViewCell.swift */; };
		4877556F280AB5BE00813207 /* Colors.xcassets in Resources */ = {isa = PBXBuildFile; fileRef = 4877556E280AB5BE00813207 /* Colors.xcassets */; };
		48775571280ABDA400813207 /* InfoDetailViewCell.swift in Sources */ = {isa = PBXBuildFile; fileRef = 48775570280ABDA400813207 /* InfoDetailViewCell.swift */; };
		48775573280B3D6E00813207 /* Colors.swift in Sources */ = {isa = PBXBuildFile; fileRef = 48775572280B3D6E00813207 /* Colors.swift */; };
		4891A65D28095B4300127C18 /* Gameboard.swift in Sources */ = {isa = PBXBuildFile; fileRef = 4891A65C28095B4300127C18 /* Gameboard.swift */; };
		4891A65F28096EF000127C18 /* GameboardResponse.swift in Sources */ = {isa = PBXBuildFile; fileRef = 4891A65E28096EF000127C18 /* GameboardResponse.swift */; };
		489E3BFA280A1F85000992E0 /* InfoBoardViewController.swift in Sources */ = {isa = PBXBuildFile; fileRef = 489E3BF9280A1F85000992E0 /* InfoBoardViewController.swift */; };
		48C39C6E27FA205D00099544 /* AppDelegate.swift in Sources */ = {isa = PBXBuildFile; fileRef = 48C39C6D27FA205D00099544 /* AppDelegate.swift */; };
		48C39C7027FA205D00099544 /* SceneDelegate.swift in Sources */ = {isa = PBXBuildFile; fileRef = 48C39C6F27FA205D00099544 /* SceneDelegate.swift */; };
		48C39C7527FA205D00099544 /* Main.storyboard in Resources */ = {isa = PBXBuildFile; fileRef = 48C39C7327FA205D00099544 /* Main.storyboard */; };
		48C39C7827FA205D00099544 /* ScoreBoardgame.xcdatamodeld in Sources */ = {isa = PBXBuildFile; fileRef = 48C39C7627FA205D00099544 /* ScoreBoardgame.xcdatamodeld */; };
		48C39C7A27FA205E00099544 /* Assets.xcassets in Resources */ = {isa = PBXBuildFile; fileRef = 48C39C7927FA205E00099544 /* Assets.xcassets */; };
		48C39C7D27FA205E00099544 /* LaunchScreen.storyboard in Resources */ = {isa = PBXBuildFile; fileRef = 48C39C7B27FA205E00099544 /* LaunchScreen.storyboard */; };
		48DEFC612870580200AF3A7C /* DetailBoardgame.swift in Sources */ = {isa = PBXBuildFile; fileRef = 48DEFC602870580200AF3A7C /* DetailBoardgame.swift */; };
		48DEFC632870A56C00AF3A7C /* EditScoreViewController.swift in Sources */ = {isa = PBXBuildFile; fileRef = 48DEFC622870A56C00AF3A7C /* EditScoreViewController.swift */; };
		48DEFC652870E29400AF3A7C /* AddPlayerViewController.swift in Sources */ = {isa = PBXBuildFile; fileRef = 48DEFC642870E29400AF3A7C /* AddPlayerViewController.swift */; };
		48FC89DB27FA48A500D66A36 /* SearchViewController.swift in Sources */ = {isa = PBXBuildFile; fileRef = 48FC89DA27FA48A500D66A36 /* SearchViewController.swift */; };
		48FC89DD27FA48BB00D66A36 /* FavoriteViewController.swift in Sources */ = {isa = PBXBuildFile; fileRef = 48FC89DC27FA48BB00D66A36 /* FavoriteViewController.swift */; };
		48FC89DF27FA492400D66A36 /* MethodAPI.swift in Sources */ = {isa = PBXBuildFile; fileRef = 48FC89DE27FA492400D66A36 /* MethodAPI.swift */; };
		48FC89E127FA496D00D66A36 /* AtlasClient.swift in Sources */ = {isa = PBXBuildFile; fileRef = 48FC89E027FA496D00D66A36 /* AtlasClient.swift */; };
/* End PBXBuildFile section */

/* Begin PBXFileReference section */
		483204DE280C7589002A143E /* DataController.swift */ = {isa = PBXFileReference; lastKnownFileType = sourcecode.swift; path = DataController.swift; sourceTree = "<group>"; };
		4862276B2882AC44009B0D4A /* ScoreViewCell.swift */ = {isa = PBXFileReference; lastKnownFileType = sourcecode.swift; path = ScoreViewCell.swift; sourceTree = "<group>"; };
		4862276D2882C9E4009B0D4A /* ScoreViewController.swift */ = {isa = PBXFileReference; lastKnownFileType = sourcecode.swift; path = ScoreViewController.swift; sourceTree = "<group>"; };
		4862276F28831071009B0D4A /* FavoriteViewCell.swift */ = {isa = PBXFileReference; lastKnownFileType = sourcecode.swift; path = FavoriteViewCell.swift; sourceTree = "<group>"; };
		4877556E280AB5BE00813207 /* Colors.xcassets */ = {isa = PBXFileReference; lastKnownFileType = folder.assetcatalog; path = Colors.xcassets; sourceTree = "<group>"; };
		48775570280ABDA400813207 /* InfoDetailViewCell.swift */ = {isa = PBXFileReference; lastKnownFileType = sourcecode.swift; path = InfoDetailViewCell.swift; sourceTree = "<group>"; };
		48775572280B3D6E00813207 /* Colors.swift */ = {isa = PBXFileReference; lastKnownFileType = sourcecode.swift; path = Colors.swift; sourceTree = "<group>"; };
		4891A65C28095B4300127C18 /* Gameboard.swift */ = {isa = PBXFileReference; lastKnownFileType = sourcecode.swift; path = Gameboard.swift; sourceTree = "<group>"; };
		4891A65E28096EF000127C18 /* GameboardResponse.swift */ = {isa = PBXFileReference; lastKnownFileType = sourcecode.swift; path = GameboardResponse.swift; sourceTree = "<group>"; };
		489E3BF9280A1F85000992E0 /* InfoBoardViewController.swift */ = {isa = PBXFileReference; lastKnownFileType = sourcecode.swift; path = InfoBoardViewController.swift; sourceTree = "<group>"; };
		48C39C6A27FA205D00099544 /* ScoreBoardgame.app */ = {isa = PBXFileReference; explicitFileType = wrapper.application; includeInIndex = 0; path = ScoreBoardgame.app; sourceTree = BUILT_PRODUCTS_DIR; };
		48C39C6D27FA205D00099544 /* AppDelegate.swift */ = {isa = PBXFileReference; lastKnownFileType = sourcecode.swift; path = AppDelegate.swift; sourceTree = "<group>"; };
		48C39C6F27FA205D00099544 /* SceneDelegate.swift */ = {isa = PBXFileReference; lastKnownFileType = sourcecode.swift; path = SceneDelegate.swift; sourceTree = "<group>"; };
		48C39C7427FA205D00099544 /* Base */ = {isa = PBXFileReference; lastKnownFileType = file.storyboard; name = Base; path = Base.lproj/Main.storyboard; sourceTree = "<group>"; };
		48C39C7727FA205D00099544 /* ScoreBoardgame.xcdatamodel */ = {isa = PBXFileReference; lastKnownFileType = wrapper.xcdatamodel; path = ScoreBoardgame.xcdatamodel; sourceTree = "<group>"; };
		48C39C7927FA205E00099544 /* Assets.xcassets */ = {isa = PBXFileReference; lastKnownFileType = folder.assetcatalog; path = Assets.xcassets; sourceTree = "<group>"; };
		48C39C7C27FA205E00099544 /* Base */ = {isa = PBXFileReference; lastKnownFileType = file.storyboard; name = Base; path = Base.lproj/LaunchScreen.storyboard; sourceTree = "<group>"; };
		48C39C7E27FA205E00099544 /* Info.plist */ = {isa = PBXFileReference; lastKnownFileType = text.plist.xml; path = Info.plist; sourceTree = "<group>"; };
		48DEFC602870580200AF3A7C /* DetailBoardgame.swift */ = {isa = PBXFileReference; lastKnownFileType = sourcecode.swift; path = DetailBoardgame.swift; sourceTree = "<group>"; };
		48DEFC622870A56C00AF3A7C /* EditScoreViewController.swift */ = {isa = PBXFileReference; lastKnownFileType = sourcecode.swift; path = EditScoreViewController.swift; sourceTree = "<group>"; };
		48DEFC642870E29400AF3A7C /* AddPlayerViewController.swift */ = {isa = PBXFileReference; lastKnownFileType = sourcecode.swift; path = AddPlayerViewController.swift; sourceTree = "<group>"; };
		48FC89DA27FA48A500D66A36 /* SearchViewController.swift */ = {isa = PBXFileReference; lastKnownFileType = sourcecode.swift; path = SearchViewController.swift; sourceTree = "<group>"; };
		48FC89DC27FA48BB00D66A36 /* FavoriteViewController.swift */ = {isa = PBXFileReference; lastKnownFileType = sourcecode.swift; path = FavoriteViewController.swift; sourceTree = "<group>"; };
		48FC89DE27FA492400D66A36 /* MethodAPI.swift */ = {isa = PBXFileReference; lastKnownFileType = sourcecode.swift; path = MethodAPI.swift; sourceTree = "<group>"; };
		48FC89E027FA496D00D66A36 /* AtlasClient.swift */ = {isa = PBXFileReference; lastKnownFileType = sourcecode.swift; path = AtlasClient.swift; sourceTree = "<group>"; };
/* End PBXFileReference section */

/* Begin PBXFrameworksBuildPhase section */
		48C39C6727FA205D00099544 /* Frameworks */ = {
			isa = PBXFrameworksBuildPhase;
			buildActionMask = 2147483647;
			files = (
			);
			runOnlyForDeploymentPostprocessing = 0;
		};
/* End PBXFrameworksBuildPhase section */

/* Begin PBXGroup section */
		483204DD280C756A002A143E /* Data */ = {
			isa = PBXGroup;
			children = (
				483204DE280C7589002A143E /* DataController.swift */,
			);
			path = Data;
			sourceTree = "<group>";
		};
		48C39C6127FA205D00099544 = {
			isa = PBXGroup;
			children = (
				48C39C6C27FA205D00099544 /* ScoreBoardgame */,
				48C39C6B27FA205D00099544 /* Products */,
			);
			sourceTree = "<group>";
		};
		48C39C6B27FA205D00099544 /* Products */ = {
			isa = PBXGroup;
			children = (
				48C39C6A27FA205D00099544 /* ScoreBoardgame.app */,
			);
			name = Products;
			sourceTree = "<group>";
		};
		48C39C6C27FA205D00099544 /* ScoreBoardgame */ = {
			isa = PBXGroup;
			children = (
				48C39C6D27FA205D00099544 /* AppDelegate.swift */,
				48C39C6F27FA205D00099544 /* SceneDelegate.swift */,
				48C39C8C27FA241D00099544 /* Model */,
				48C39C8D27FA242900099544 /* Controller */,
				48C39C8E27FA243300099544 /* View */,
				48C39C9027FA244400099544 /* Storyboards */,
				48C39C8F27FA243900099544 /* Assets */,
				48C39C7E27FA205E00099544 /* Info.plist */,
			);
			path = ScoreBoardgame;
			sourceTree = "<group>";
		};
		48C39C8C27FA241D00099544 /* Model */ = {
			isa = PBXGroup;
			children = (
				48C39C7627FA205D00099544 /* ScoreBoardgame.xcdatamodeld */,
				483204DD280C756A002A143E /* Data */,
				48C39C9427FA26DE00099544 /* Response */,
				48C39C9327FA26D300099544 /* Client */,
				48DEFC5D287032F400AF3A7C /* Bean */,
			);
			path = Model;
			sourceTree = "<group>";
		};
		48C39C8D27FA242900099544 /* Controller */ = {
			isa = PBXGroup;
			children = (
				48FC89DA27FA48A500D66A36 /* SearchViewController.swift */,
				48FC89DC27FA48BB00D66A36 /* FavoriteViewController.swift */,
				489E3BF9280A1F85000992E0 /* InfoBoardViewController.swift */,
				48DEFC622870A56C00AF3A7C /* EditScoreViewController.swift */,
				48DEFC642870E29400AF3A7C /* AddPlayerViewController.swift */,
				4862276D2882C9E4009B0D4A /* ScoreViewController.swift */,
			);
			path = Controller;
			sourceTree = "<group>";
		};
		48C39C8E27FA243300099544 /* View */ = {
			isa = PBXGroup;
			children = (
				48775570280ABDA400813207 /* InfoDetailViewCell.swift */,
				48775572280B3D6E00813207 /* Colors.swift */,
				4862276B2882AC44009B0D4A /* ScoreViewCell.swift */,
				4862276F28831071009B0D4A /* FavoriteViewCell.swift */,
			);
			path = View;
			sourceTree = "<group>";
		};
		48C39C8F27FA243900099544 /* Assets */ = {
			isa = PBXGroup;
			children = (
				48C39C7927FA205E00099544 /* Assets.xcassets */,
				4877556E280AB5BE00813207 /* Colors.xcassets */,
			);
			path = Assets;
			sourceTree = "<group>";
		};
		48C39C9027FA244400099544 /* Storyboards */ = {
			isa = PBXGroup;
			children = (
				48C39C7327FA205D00099544 /* Main.storyboard */,
				48C39C7B27FA205E00099544 /* LaunchScreen.storyboard */,
			);
			path = Storyboards;
			sourceTree = "<group>";
		};
		48C39C9327FA26D300099544 /* Client */ = {
			isa = PBXGroup;
			children = (
				48FC89DE27FA492400D66A36 /* MethodAPI.swift */,
				48FC89E027FA496D00D66A36 /* AtlasClient.swift */,
			);
			path = Client;
			sourceTree = "<group>";
		};
		48C39C9427FA26DE00099544 /* Response */ = {
			isa = PBXGroup;
			children = (
				4891A65C28095B4300127C18 /* Gameboard.swift */,
				4891A65E28096EF000127C18 /* GameboardResponse.swift */,
			);
			path = Response;
			sourceTree = "<group>";
		};
		48DEFC5D287032F400AF3A7C /* Bean */ = {
			isa = PBXGroup;
			children = (
				48DEFC602870580200AF3A7C /* DetailBoardgame.swift */,
			);
			path = Bean;
			sourceTree = "<group>";
		};
/* End PBXGroup section */

/* Begin PBXNativeTarget section */
		48C39C6927FA205D00099544 /* ScoreBoardgame */ = {
			isa = PBXNativeTarget;
			buildConfigurationList = 48C39C8127FA205E00099544 /* Build configuration list for PBXNativeTarget "ScoreBoardgame" */;
			buildPhases = (
				48C39C6627FA205D00099544 /* Sources */,
				48C39C6727FA205D00099544 /* Frameworks */,
				48C39C6827FA205D00099544 /* Resources */,
			);
			buildRules = (
			);
			dependencies = (
			);
			name = ScoreBoardgame;
			productName = ScoreBoardgame;
			productReference = 48C39C6A27FA205D00099544 /* ScoreBoardgame.app */;
			productType = "com.apple.product-type.application";
		};
/* End PBXNativeTarget section */

/* Begin PBXProject section */
		48C39C6227FA205D00099544 /* Project object */ = {
			isa = PBXProject;
			attributes = {
				BuildIndependentTargetsInParallel = 1;
				LastSwiftUpdateCheck = 1320;
				LastUpgradeCheck = 1320;
				TargetAttributes = {
					48C39C6927FA205D00099544 = {
						CreatedOnToolsVersion = 13.2.1;
					};
				};
			};
			buildConfigurationList = 48C39C6527FA205D00099544 /* Build configuration list for PBXProject "ScoreBoardgame" */;
			compatibilityVersion = "Xcode 13.0";
			developmentRegion = en;
			hasScannedForEncodings = 0;
			knownRegions = (
				en,
				Base,
			);
			mainGroup = 48C39C6127FA205D00099544;
			productRefGroup = 48C39C6B27FA205D00099544 /* Products */;
			projectDirPath = "";
			projectRoot = "";
			targets = (
				48C39C6927FA205D00099544 /* ScoreBoardgame */,
			);
		};
/* End PBXProject section */

/* Begin PBXResourcesBuildPhase section */
		48C39C6827FA205D00099544 /* Resources */ = {
			isa = PBXResourcesBuildPhase;
			buildActionMask = 2147483647;
			files = (
				48C39C7D27FA205E00099544 /* LaunchScreen.storyboard in Resources */,
				4877556F280AB5BE00813207 /* Colors.xcassets in Resources */,
				48C39C7A27FA205E00099544 /* Assets.xcassets in Resources */,
				48C39C7527FA205D00099544 /* Main.storyboard in Resources */,
			);
			runOnlyForDeploymentPostprocessing = 0;
		};
/* End PBXResourcesBuildPhase section */

/* Begin PBXSourcesBuildPhase section */
		48C39C6627FA205D00099544 /* Sources */ = {
			isa = PBXSourcesBuildPhase;
			buildActionMask = 2147483647;
			files = (
				48FC89DB27FA48A500D66A36 /* SearchViewController.swift in Sources */,
				48FC89E127FA496D00D66A36 /* AtlasClient.swift in Sources */,
				48C39C7827FA205D00099544 /* ScoreBoardgame.xcdatamodeld in Sources */,
				4862276C2882AC44009B0D4A /* ScoreViewCell.swift in Sources */,
				489E3BFA280A1F85000992E0 /* InfoBoardViewController.swift in Sources */,
				4862277028831071009B0D4A /* FavoriteViewCell.swift in Sources */,
				48DEFC612870580200AF3A7C /* DetailBoardgame.swift in Sources */,
				48FC89DD27FA48BB00D66A36 /* FavoriteViewController.swift in Sources */,
				48FC89DF27FA492400D66A36 /* MethodAPI.swift in Sources */,
				483204DF280C7589002A143E /* DataController.swift in Sources */,
				48DEFC632870A56C00AF3A7C /* EditScoreViewController.swift in Sources */,
				48C39C6E27FA205D00099544 /* AppDelegate.swift in Sources */,
				48775573280B3D6E00813207 /* Colors.swift in Sources */,
				4891A65F28096EF000127C18 /* GameboardResponse.swift in Sources */,
				48DEFC652870E29400AF3A7C /* AddPlayerViewController.swift in Sources */,
				48775571280ABDA400813207 /* InfoDetailViewCell.swift in Sources */,
				48C39C7027FA205D00099544 /* SceneDelegate.swift in Sources */,
				4891A65D28095B4300127C18 /* Gameboard.swift in Sources */,
				4862276E2882C9E4009B0D4A /* ScoreViewController.swift in Sources */,
			);
			runOnlyForDeploymentPostprocessing = 0;
		};
/* End PBXSourcesBuildPhase section */

/* Begin PBXVariantGroup section */
		48C39C7327FA205D00099544 /* Main.storyboard */ = {
			isa = PBXVariantGroup;
			children = (
				48C39C7427FA205D00099544 /* Base */,
			);
			name = Main.storyboard;
			sourceTree = "<group>";
		};
		48C39C7B27FA205E00099544 /* LaunchScreen.storyboard */ = {
			isa = PBXVariantGroup;
			children = (
				48C39C7C27FA205E00099544 /* Base */,
			);
			name = LaunchScreen.storyboard;
			sourceTree = "<group>";
		};
/* End PBXVariantGroup section */

/* Begin XCBuildConfiguration section */
		48C39C7F27FA205E00099544 /* Debug */ = {
			isa = XCBuildConfiguration;
			buildSettings = {
				ALWAYS_SEARCH_USER_PATHS = NO;
				CLANG_ANALYZER_NONNULL = YES;
				CLANG_ANALYZER_NUMBER_OBJECT_CONVERSION = YES_AGGRESSIVE;
				CLANG_CXX_LANGUAGE_STANDARD = "gnu++17";
				CLANG_CXX_LIBRARY = "libc++";
				CLANG_ENABLE_MODULES = YES;
				CLANG_ENABLE_OBJC_ARC = YES;
				CLANG_ENABLE_OBJC_WEAK = YES;
				CLANG_WARN_BLOCK_CAPTURE_AUTORELEASING = YES;
				CLANG_WARN_BOOL_CONVERSION = YES;
				CLANG_WARN_COMMA = YES;
				CLANG_WARN_CONSTANT_CONVERSION = YES;
				CLANG_WARN_DEPRECATED_OBJC_IMPLEMENTATIONS = YES;
				CLANG_WARN_DIRECT_OBJC_ISA_USAGE = YES_ERROR;
				CLANG_WARN_DOCUMENTATION_COMMENTS = YES;
				CLANG_WARN_EMPTY_BODY = YES;
				CLANG_WARN_ENUM_CONVERSION = YES;
				CLANG_WARN_INFINITE_RECURSION = YES;
				CLANG_WARN_INT_CONVERSION = YES;
				CLANG_WARN_NON_LITERAL_NULL_CONVERSION = YES;
				CLANG_WARN_OBJC_IMPLICIT_RETAIN_SELF = YES;
				CLANG_WARN_OBJC_LITERAL_CONVERSION = YES;
				CLANG_WARN_OBJC_ROOT_CLASS = YES_ERROR;
				CLANG_WARN_QUOTED_INCLUDE_IN_FRAMEWORK_HEADER = YES;
				CLANG_WARN_RANGE_LOOP_ANALYSIS = YES;
				CLANG_WARN_STRICT_PROTOTYPES = YES;
				CLANG_WARN_SUSPICIOUS_MOVE = YES;
				CLANG_WARN_UNGUARDED_AVAILABILITY = YES_AGGRESSIVE;
				CLANG_WARN_UNREACHABLE_CODE = YES;
				CLANG_WARN__DUPLICATE_METHOD_MATCH = YES;
				COPY_PHASE_STRIP = NO;
				DEBUG_INFORMATION_FORMAT = dwarf;
				ENABLE_STRICT_OBJC_MSGSEND = YES;
				ENABLE_TESTABILITY = YES;
				GCC_C_LANGUAGE_STANDARD = gnu11;
				GCC_DYNAMIC_NO_PIC = NO;
				GCC_NO_COMMON_BLOCKS = YES;
				GCC_OPTIMIZATION_LEVEL = 0;
				GCC_PREPROCESSOR_DEFINITIONS = (
					"DEBUG=1",
					"$(inherited)",
				);
				GCC_WARN_64_TO_32_BIT_CONVERSION = YES;
				GCC_WARN_ABOUT_RETURN_TYPE = YES_ERROR;
				GCC_WARN_UNDECLARED_SELECTOR = YES;
				GCC_WARN_UNINITIALIZED_AUTOS = YES_AGGRESSIVE;
				GCC_WARN_UNUSED_FUNCTION = YES;
				GCC_WARN_UNUSED_VARIABLE = YES;
				IPHONEOS_DEPLOYMENT_TARGET = 15.2;
				MTL_ENABLE_DEBUG_INFO = INCLUDE_SOURCE;
				MTL_FAST_MATH = YES;
				ONLY_ACTIVE_ARCH = YES;
				SDKROOT = iphoneos;
				SWIFT_ACTIVE_COMPILATION_CONDITIONS = DEBUG;
				SWIFT_OPTIMIZATION_LEVEL = "-Onone";
			};
			name = Debug;
		};
		48C39C8027FA205E00099544 /* Release */ = {
			isa = XCBuildConfiguration;
			buildSettings = {
				ALWAYS_SEARCH_USER_PATHS = NO;
				CLANG_ANALYZER_NONNULL = YES;
				CLANG_ANALYZER_NUMBER_OBJECT_CONVERSION = YES_AGGRESSIVE;
				CLANG_CXX_LANGUAGE_STANDARD = "gnu++17";
				CLANG_CXX_LIBRARY = "libc++";
				CLANG_ENABLE_MODULES = YES;
				CLANG_ENABLE_OBJC_ARC = YES;
				CLANG_ENABLE_OBJC_WEAK = YES;
				CLANG_WARN_BLOCK_CAPTURE_AUTORELEASING = YES;
				CLANG_WARN_BOOL_CONVERSION = YES;
				CLANG_WARN_COMMA = YES;
				CLANG_WARN_CONSTANT_CONVERSION = YES;
				CLANG_WARN_DEPRECATED_OBJC_IMPLEMENTATIONS = YES;
				CLANG_WARN_DIRECT_OBJC_ISA_USAGE = YES_ERROR;
				CLANG_WARN_DOCUMENTATION_COMMENTS = YES;
				CLANG_WARN_EMPTY_BODY = YES;
				CLANG_WARN_ENUM_CONVERSION = YES;
				CLANG_WARN_INFINITE_RECURSION = YES;
				CLANG_WARN_INT_CONVERSION = YES;
				CLANG_WARN_NON_LITERAL_NULL_CONVERSION = YES;
				CLANG_WARN_OBJC_IMPLICIT_RETAIN_SELF = YES;
				CLANG_WARN_OBJC_LITERAL_CONVERSION = YES;
				CLANG_WARN_OBJC_ROOT_CLASS = YES_ERROR;
				CLANG_WARN_QUOTED_INCLUDE_IN_FRAMEWORK_HEADER = YES;
				CLANG_WARN_RANGE_LOOP_ANALYSIS = YES;
				CLANG_WARN_STRICT_PROTOTYPES = YES;
				CLANG_WARN_SUSPICIOUS_MOVE = YES;
				CLANG_WARN_UNGUARDED_AVAILABILITY = YES_AGGRESSIVE;
				CLANG_WARN_UNREACHABLE_CODE = YES;
				CLANG_WARN__DUPLICATE_METHOD_MATCH = YES;
				COPY_PHASE_STRIP = NO;
				DEBUG_INFORMATION_FORMAT = "dwarf-with-dsym";
				ENABLE_NS_ASSERTIONS = NO;
				ENABLE_STRICT_OBJC_MSGSEND = YES;
				GCC_C_LANGUAGE_STANDARD = gnu11;
				GCC_NO_COMMON_BLOCKS = YES;
				GCC_WARN_64_TO_32_BIT_CONVERSION = YES;
				GCC_WARN_ABOUT_RETURN_TYPE = YES_ERROR;
				GCC_WARN_UNDECLARED_SELECTOR = YES;
				GCC_WARN_UNINITIALIZED_AUTOS = YES_AGGRESSIVE;
				GCC_WARN_UNUSED_FUNCTION = YES;
				GCC_WARN_UNUSED_VARIABLE = YES;
				IPHONEOS_DEPLOYMENT_TARGET = 15.2;
				MTL_ENABLE_DEBUG_INFO = NO;
				MTL_FAST_MATH = YES;
				SDKROOT = iphoneos;
				SWIFT_COMPILATION_MODE = wholemodule;
				SWIFT_OPTIMIZATION_LEVEL = "-O";
				VALIDATE_PRODUCT = YES;
			};
			name = Release;
		};
		48C39C8227FA205E00099544 /* Debug */ = {
			isa = XCBuildConfiguration;
			buildSettings = {
				ASSETCATALOG_COMPILER_APPICON_NAME = AppIcon;
				ASSETCATALOG_COMPILER_GLOBAL_ACCENT_COLOR_NAME = AccentColor;
				CODE_SIGN_STYLE = Automatic;
				CURRENT_PROJECT_VERSION = 1;
				DEVELOPMENT_TEAM = XP6SS4MYGN;
				GENERATE_INFOPLIST_FILE = YES;
				INFOPLIST_FILE = ScoreBoardgame/Info.plist;
				INFOPLIST_KEY_UIApplicationSupportsIndirectInputEvents = YES;
				INFOPLIST_KEY_UILaunchStoryboardName = LaunchScreen;
				INFOPLIST_KEY_UIMainStoryboardFile = Main;
				INFOPLIST_KEY_UISupportedInterfaceOrientations_iPad = "UIInterfaceOrientationPortrait UIInterfaceOrientationPortraitUpsideDown UIInterfaceOrientationLandscapeLeft UIInterfaceOrientationLandscapeRight";
				INFOPLIST_KEY_UISupportedInterfaceOrientations_iPhone = "UIInterfaceOrientationPortrait UIInterfaceOrientationLandscapeLeft UIInterfaceOrientationLandscapeRight";
				LD_RUNPATH_SEARCH_PATHS = (
					"$(inherited)",
					"@executable_path/Frameworks",
				);
				MARKETING_VERSION = 1.0;
				PRODUCT_BUNDLE_IDENTIFIER = com.skyme32.ScoreBoardgame;
				PRODUCT_NAME = "$(TARGET_NAME)";
				SWIFT_EMIT_LOC_STRINGS = YES;
				SWIFT_VERSION = 5.0;
				TARGETED_DEVICE_FAMILY = "1,2";
			};
			name = Debug;
		};
		48C39C8327FA205E00099544 /* Release */ = {
			isa = XCBuildConfiguration;
			buildSettings = {
				ASSETCATALOG_COMPILER_APPICON_NAME = AppIcon;
				ASSETCATALOG_COMPILER_GLOBAL_ACCENT_COLOR_NAME = AccentColor;
				CODE_SIGN_STYLE = Automatic;
				CURRENT_PROJECT_VERSION = 1;
				DEVELOPMENT_TEAM = XP6SS4MYGN;
				GENERATE_INFOPLIST_FILE = YES;
				INFOPLIST_FILE = ScoreBoardgame/Info.plist;
				INFOPLIST_KEY_UIApplicationSupportsIndirectInputEvents = YES;
				INFOPLIST_KEY_UILaunchStoryboardName = LaunchScreen;
				INFOPLIST_KEY_UIMainStoryboardFile = Main;
				INFOPLIST_KEY_UISupportedInterfaceOrientations_iPad = "UIInterfaceOrientationPortrait UIInterfaceOrientationPortraitUpsideDown UIInterfaceOrientationLandscapeLeft UIInterfaceOrientationLandscapeRight";
				INFOPLIST_KEY_UISupportedInterfaceOrientations_iPhone = "UIInterfaceOrientationPortrait UIInterfaceOrientationLandscapeLeft UIInterfaceOrientationLandscapeRight";
				LD_RUNPATH_SEARCH_PATHS = (
					"$(inherited)",
					"@executable_path/Frameworks",
				);
				MARKETING_VERSION = 1.0;
				PRODUCT_BUNDLE_IDENTIFIER = com.skyme32.ScoreBoardgame;
				PRODUCT_NAME = "$(TARGET_NAME)";
				SWIFT_EMIT_LOC_STRINGS = YES;
				SWIFT_VERSION = 5.0;
				TARGETED_DEVICE_FAMILY = "1,2";
			};
			name = Release;
		};
/* End XCBuildConfiguration section */

/* Begin XCConfigurationList section */
		48C39C6527FA205D00099544 /* Build configuration list for PBXProject "ScoreBoardgame" */ = {
			isa = XCConfigurationList;
			buildConfigurations = (
				48C39C7F27FA205E00099544 /* Debug */,
				48C39C8027FA205E00099544 /* Release */,
			);
			defaultConfigurationIsVisible = 0;
			defaultConfigurationName = Release;
		};
		48C39C8127FA205E00099544 /* Build configuration list for PBXNativeTarget "ScoreBoardgame" */ = {
			isa = XCConfigurationList;
			buildConfigurations = (
				48C39C8227FA205E00099544 /* Debug */,
				48C39C8327FA205E00099544 /* Release */,
			);
			defaultConfigurationIsVisible = 0;
			defaultConfigurationName = Release;
		};
/* End XCConfigurationList section */

/* Begin XCVersionGroup section */
		48C39C7627FA205D00099544 /* ScoreBoardgame.xcdatamodeld */ = {
			isa = XCVersionGroup;
			children = (
				48C39C7727FA205D00099544 /* ScoreBoardgame.xcdatamodel */,
			);
			currentVersion = 48C39C7727FA205D00099544 /* ScoreBoardgame.xcdatamodel */;
			path = ScoreBoardgame.xcdatamodeld;
			sourceTree = "<group>";
			versionGroupType = wrapper.xcdatamodel;
		};
/* End XCVersionGroup section */
	};
	rootObject = 48C39C6227FA205D00099544 /* Project object */;
}
